
Microsoft Visual Studio Solution File, Format Version 12.00
# Visual Studio Version 16
VisualStudioVersion = 16.0.29926.136
MinimumVisualStudioVersion = 10.0.40219.1
Project("{FAE04EC0-301F-11D3-BF4B-00C04F79EFBC}") = "S.UYemekBursuBasvuruFormu", "S.Ü Yemek Bursu Başvuru Formu\S.UYemekBursuBasvuruFormu.csproj", "{D2463380-E2FD-4BAB-8C47-3290073A2AE8}"
EndProject
Global
	GlobalSection(SolutionConfigurationPlatforms) = preSolution
		Debug|Any CPU = Debug|Any CPU
		Release|Any CPU = Release|Any CPU
	EndGlobalSection
	GlobalSection(ProjectConfigurationPlatforms) = postSolution
		{D2463380-E2FD-4BAB-8C47-3290073A2AE8}.Debug|Any CPU.ActiveCfg = Debug|Any CPU
		{D2463380-E2FD-4BAB-8C47-3290073A2AE8}.Debug|Any CPU.Build.0 = Debug|Any CPU
		{D2463380-E2FD-4BAB-8C47-3290073A2AE8}.Release|Any CPU.ActiveCfg = Release|Any CPU
		{D2463380-E2FD-4BAB-8C47-3290073A2AE8}.Release|Any CPU.Build.0 = Release|Any CPU
	EndGlobalSection
	GlobalSection(SolutionProperties) = preSolution
		HideSolutionNode = FALSE
	EndGlobalSection
	GlobalSection(ExtensibilityGlobals) = postSolution
		SolutionGuid = {1221E339-ECD8-40D3-904E-618869F668BA}
	EndGlobalSection
EndGlobal
